<?xml version="1.0" encoding="utf-8"?>
<Project ToolsVersion="4.0" xmlns="http://schemas.microsoft.com/developer/msbuild/2003">
  <ItemGroup>
    <Filter Include="Engine Files">
      <UniqueIdentifier>{4FC737F1-C7A5-4376-A066-2A32D752A2FF}</UniqueIdentifier>
      <Extensions>cpp;c;cc;cxx;def;odl;idl;hpj;bat;asm;asmx</Extensions>
    </Filter>
    <Filter Include="Engine Files\Graphics">
      <UniqueIdentifier>{ec9ba507-075a-447a-ab6c-c1333a108d1c}</UniqueIdentifier>
    </Filter>
    <Filter Include="Engine Files\Math">
      <UniqueIdentifier>{557d443e-2462-488d-b15b-05b43819c044}</UniqueIdentifier>
    </Filter>
    <Filter Include="Engine Files\Graphics\Effect">
      <UniqueIdentifier>{29bcf718-8788-465d-9651-16d99dd92347}</UniqueIdentifier>
    </Filter>
    <Filter Include="Engine Files\Graphics\Model">
      <UniqueIdentifier>{c68b0156-cb7d-45f7-968a-24b9995936f4}</UniqueIdentifier>
    </Filter>
    <Filter Include="Engine Files\ContentManager">
      <UniqueIdentifier>{3eb70322-e931-422f-8c32-47c3cf63eb16}</UniqueIdentifier>
    </Filter>
    <Filter Include="Engine Files\Graphics\Light">
      <UniqueIdentifier>{7e7f15c7-c33d-479b-8a00-9efef0989047}</UniqueIdentifier>
    </Filter>
    <Filter Include="Game Files">
      <UniqueIdentifier>{93995380-89BD-4b04-88EB-625FBE52EBFB}</UniqueIdentifier>
      <Extensions>h;hpp;hxx;hm;inl;inc;xsd</Extensions>
    </Filter>
    <Filter Include="Content">
      <UniqueIdentifier>{67DA6AB6-F800-4c08-8B7A-83BB121AAD01}</UniqueIdentifier>
      <Extensions>rc;ico;cur;bmp;dlg;rc2;rct;bin;rgs;gif;jpg;jpeg;jpe;resx;tiff;tif;png;wav;mfcribbon-ms</Extensions>
    </Filter>
    <Filter Include="Content\effect">
      <UniqueIdentifier>{ed9724c6-cf2c-4189-80a1-433d34e625f3}</UniqueIdentifier>
    </Filter>
    <Filter Include="Engine Files\Graphics\GUI">
      <UniqueIdentifier>{cd5725f0-9cd6-41aa-998d-d1f6c055e59e}</UniqueIdentifier>
    </Filter>
    <Filter Include="Engine Files\PhysX">
      <UniqueIdentifier>{3ef049bb-cde5-4831-9aeb-7dc8700a2dc6}</UniqueIdentifier>
    </Filter>
    <Filter Include="Engine Files\PhysX\Shapes">
      <UniqueIdentifier>{7eaf0945-42cd-4d97-a2a7-5d4e57741fc6}</UniqueIdentifier>
    </Filter>
    <Filter Include="Engine Files\PhysX\Shapes\base">
      <UniqueIdentifier>{0297a0f8-ac21-4e19-993b-44d77f65865e}</UniqueIdentifier>
    </Filter>
    <Filter Include="Engine Files\Graphics\Effect\deferred">
      <UniqueIdentifier>{d8e72431-beaa-4886-a851-b9c5bc8d2d41}</UniqueIdentifier>
    </Filter>
    <Filter Include="Engine Files\Graphics\Effect\post">
      <UniqueIdentifier>{82ac807e-d9c4-4c50-bd9c-473734e12159}</UniqueIdentifier>
    </Filter>
    <Filter Include="Engine Files\Audio">
      <UniqueIdentifier>{5f47482b-6992-41ce-a100-423aedb4fe34}</UniqueIdentifier>
    </Filter>
    <Filter Include="Engine Files\Graphics\RenderContext">
      <UniqueIdentifier>{7192422c-243b-4403-a830-25f3530bc0de}</UniqueIdentifier>
    </Filter>
    <Filter Include="Engine Files\Graphics\Blox2D">
      <UniqueIdentifier>{af040827-9e5c-4086-b201-909265c52ab7}</UniqueIdentifier>
    </Filter>
    <Filter Include="Game Files\Tests">
      <UniqueIdentifier>{a6d19380-d15a-4aff-9629-b001c8802265}</UniqueIdentifier>
    </Filter>
    <Filter Include="Engine Files\Graphics\Effect\pre">
      <UniqueIdentifier>{deb43386-deae-4f64-8439-48eb5eed99b0}</UniqueIdentifier>
    </Filter>
    <Filter Include="Engine Files\Graphics\Light\behaviours">
      <UniqueIdentifier>{9dc47179-aa70-4304-bb55-36ad12f01e75}</UniqueIdentifier>
    </Filter>
    <Filter Include="Engine Files\Graphics\Light\types">
      <UniqueIdentifier>{8ff7fe67-f51b-4b3a-8ccf-7948167d4ab9}</UniqueIdentifier>
    </Filter>
    <Filter Include="Engine Files\Graphics\Light\types\desc">
      <UniqueIdentifier>{6289388c-1618-4670-9055-e348c57a2319}</UniqueIdentifier>
    </Filter>
    <Filter Include="Engine Files\Graphics\Light\types\base">
      <UniqueIdentifier>{64e062d2-8d2e-4fd9-a822-cd02ba424281}</UniqueIdentifier>
    </Filter>
    <Filter Include="Engine Files\Graphics\GUI\Editor">
      <UniqueIdentifier>{1c636aea-e433-49d7-ba1f-c73381f8e9b1}</UniqueIdentifier>
    </Filter>
    <Filter Include="Engine Files\Graphics\GUI\Lights">
      <UniqueIdentifier>{00da9002-d10f-4c00-85e4-80efc7b8d072}</UniqueIdentifier>
    </Filter>
    <Filter Include="Game Files\interfaces">
      <UniqueIdentifier>{046d174a-bcb7-4f4b-8ae2-efe8bafdb5ff}</UniqueIdentifier>
    </Filter>
    <Filter Include="Engine Files\PhysX\Joints">
      <UniqueIdentifier>{65645979-3a44-4a16-89dc-e122a114b80c}</UniqueIdentifier>
    </Filter>
    <Filter Include="Engine Files\Serialize">
      <UniqueIdentifier>{964f74cf-9c5d-4d15-9139-67def4f40feb}</UniqueIdentifier>
    </Filter>
    <Filter Include="Engine Files\Exceptions">
      <UniqueIdentifier>{76574092-f52c-4fb9-9f15-54f8420694aa}</UniqueIdentifier>
    </Filter>
    <Filter Include="Engine Files\Exceptions\IO">
      <UniqueIdentifier>{47ea9633-b10b-4235-8101-95de335cfc75}</UniqueIdentifier>
    </Filter>
    <Filter Include="Engine Files\Core">
      <UniqueIdentifier>{45d872af-e322-43d7-988e-aacd4f905e0e}</UniqueIdentifier>
    </Filter>
    <Filter Include="Engine Files\Terrain">
      <UniqueIdentifier>{acaac779-21a2-40c0-947a-69d86b9e5581}</UniqueIdentifier>
    </Filter>
    <Filter Include="Engine Files\PhysX\Fluids">
      <UniqueIdentifier>{ef259942-41c4-419f-a8a7-2a772120b849}</UniqueIdentifier>
    </Filter>
    <Filter Include="Game Files\LevelObjects">
      <UniqueIdentifier>{63683733-b1f3-41b9-8dbe-3bd38e3bdc0f}</UniqueIdentifier>
    </Filter>
    <Filter Include="Game Files\LevelObjects\Character">
      <UniqueIdentifier>{0bcf8636-a223-42c3-a4f1-7bb5af383d1b}</UniqueIdentifier>
    </Filter>
    <Filter Include="Engine Files\Graphics\GUI\Editor\Gizmos">
      <UniqueIdentifier>{baaf9a6f-4e33-4e8d-90c9-6a63bd0f7f96}</UniqueIdentifier>
    </Filter>
    <Filter Include="Engine Files\Graphics\Camera">
      <UniqueIdentifier>{6824b517-6403-46de-a02d-1efd70fea06e}</UniqueIdentifier>
    </Filter>
    <Filter Include="Engine Files\Instancing">
      <UniqueIdentifier>{16626585-4a92-4a6c-907e-d6a813d936cb}</UniqueIdentifier>
    </Filter>
    <Filter Include="Engine Files\IO">
      <UniqueIdentifier>{53a2e7da-3ad6-40c1-a8b1-d2b2ba52ed6b}</UniqueIdentifier>
    </Filter>
    <Filter Include="Engine Files\PhysX\Character">
      <UniqueIdentifier>{e102e386-8c06-4cdc-afd6-1db9a2fd33bf}</UniqueIdentifier>
    </Filter>
    <Filter Include="Engine Files\Graphics\GUI\Loaders">
      <UniqueIdentifier>{ec27c9a8-64ed-431f-b0dc-237edf804e8d}</UniqueIdentifier>
    </Filter>
    <Filter Include="Content\effect\fluids">
      <UniqueIdentifier>{757cc495-53a5-436a-a2d2-0b1014422a10}</UniqueIdentifier>
    </Filter>
    <Filter Include="Engine Files\Graphics\GUI\LevelObjects">
      <UniqueIdentifier>{44b5b616-eb11-48d3-9f18-a50d94b9cac4}</UniqueIdentifier>
    </Filter>
  </ItemGroup>
  <ItemGroup>
    <ClInclude Include="Texture2D.h">
      <Filter>Engine Files\Graphics</Filter>
    </ClInclude>
    <ClInclude Include="ContentManager.h">
      <Filter>Engine Files\ContentManager</Filter>
    </ClInclude>
    <ClInclude Include="TextureLoader.h">
      <Filter>Engine Files\ContentManager</Filter>
    </ClInclude>
    <ClInclude Include="EffectLoader.h">
      <Filter>Engine Files\ContentManager</Filter>
    </ClInclude>
    <ClInclude Include="Vector3.h">
      <Filter>Engine Files\Math</Filter>
    </ClInclude>
    <ClInclude Include="Vector2.h">
      <Filter>Engine Files\Math</Filter>
    </ClInclude>
    <ClInclude Include="MathHelper.h">
      <Filter>Engine Files\Math</Filter>
    </ClInclude>
    <ClInclude Include="Matrix.h">
      <Filter>Engine Files\Math</Filter>
    </ClInclude>
    <ClInclude Include="AssetContainer.h">
      <Filter>Engine Files\ContentManager</Filter>
    </ClInclude>
    <ClInclude Include="Effect.h">
      <Filter>Engine Files\Graphics\Effect</Filter>
    </ClInclude>
    <ClInclude Include="Vector4.h">
      <Filter>Engine Files\Math</Filter>
    </ClInclude>
    <ClInclude Include="vertex.h">
      <Filter>Engine Files\Graphics</Filter>
    </ClInclude>
    <ClInclude Include="ModelLoader.h">
      <Filter>Engine Files\ContentManager</Filter>
    </ClInclude>
    <ClInclude Include="Model.h">
      <Filter>Engine Files\Graphics\Model</Filter>
    </ClInclude>
    <ClInclude Include="ModelMesh.h">
      <Filter>Engine Files\Graphics\Model</Filter>
    </ClInclude>
    <ClInclude Include="LightController.h">
      <Filter>Engine Files\Graphics\Light</Filter>
    </ClInclude>
    <ClInclude Include="DeferredRenderer.h">
      <Filter>Engine Files\Graphics</Filter>
    </ClInclude>
    <ClInclude Include="Controls.h">
      <Filter>Engine Files\IO</Filter>
    </ClInclude>
    <ClInclude Include="stdafx.h">
      <Filter>Engine Files\Core</Filter>
    </ClInclude>
    <ClInclude Include="D3DUtil.h">
      <Filter>Engine Files\Core</Filter>
    </ClInclude>
    <ClInclude Include="Engine.h">
      <Filter>Engine Files\Core</Filter>
    </ClInclude>
    <ClInclude Include="GameTimer.h">
      <Filter>Engine Files\Core</Filter>
    </ClInclude>
    <ClInclude Include="GameWinMain.h">
      <Filter>Engine Files\Core</Filter>
    </ClInclude>
    <ClInclude Include="MainGame.h">
      <Filter>Game Files</Filter>
    </ClInclude>
    <ClInclude Include="GameConfig.h">
      <Filter>Engine Files\Core</Filter>
    </ClInclude>
    <ClInclude Include="Level.h">
      <Filter>Game Files</Filter>
    </ClInclude>
    <ClInclude Include="AudioEngine.h">
      <Filter>Engine Files\Audio</Filter>
    </ClInclude>
    <ClInclude Include="Sound.h">
      <Filter>Engine Files\Audio</Filter>
    </ClInclude>
    <ClInclude Include="ForwardRenderer.h">
      <Filter>Engine Files\Graphics</Filter>
    </ClInclude>
    <ClInclude Include="PhongEffect.h">
      <Filter>Engine Files\Graphics\Effect</Filter>
    </ClInclude>
    <ClInclude Include="Color.h">
      <Filter>Engine Files\Math</Filter>
    </ClInclude>
    <ClInclude Include="Actor.h">
      <Filter>Engine Files\PhysX</Filter>
    </ClInclude>
    <ClInclude Include="PhysX.h">
      <Filter>Engine Files\PhysX</Filter>
    </ClInclude>
    <ClInclude Include="PhysXShape.h">
      <Filter>Engine Files\PhysX\Shapes\base</Filter>
    </ClInclude>
    <ClInclude Include="PhysXMesh.h">
      <Filter>Engine Files\PhysX\Shapes</Filter>
    </ClInclude>
    <ClInclude Include="PhysXSphere.h">
      <Filter>Engine Files\PhysX\Shapes</Filter>
    </ClInclude>
    <ClInclude Include="PhysXBox.h">
      <Filter>Engine Files\PhysX\Shapes</Filter>
    </ClInclude>
    <ClInclude Include="DeferredPreEffect.h">
      <Filter>Engine Files\Graphics\Effect\deferred</Filter>
    </ClInclude>
    <ClInclude Include="DeferredPostEffect.h">
      <Filter>Engine Files\Graphics\Effect\deferred</Filter>
    </ClInclude>
    <ClInclude Include="EdgeDetectionPostEffect.h">
      <Filter>Engine Files\Graphics\Effect\post</Filter>
    </ClInclude>
    <ClInclude Include="PostProcessor.h">
      <Filter>Engine Files\Graphics</Filter>
    </ClInclude>
    <ClInclude Include="PostProcessEffect.h">
      <Filter>Engine Files\Graphics\Effect\post</Filter>
    </ClInclude>
    <ClInclude Include="CookingStream.h">
      <Filter>Engine Files\IO</Filter>
    </ClInclude>
    <ClInclude Include="RenderContext.h">
      <Filter>Engine Files\Graphics\RenderContext</Filter>
    </ClInclude>
    <ClInclude Include="Softbody.h">
      <Filter>Engine Files\PhysX</Filter>
    </ClInclude>
    <ClInclude Include="TestSoftbody.h">
      <Filter>Game Files\Tests</Filter>
    </ClInclude>
    <ClInclude Include="DeferredPreEffectNormals.h">
      <Filter>Engine Files\Graphics\Effect\deferred</Filter>
    </ClInclude>
    <ClInclude Include="HitRegion.h">
      <Filter>Engine Files\Graphics\Blox2D</Filter>
    </ClInclude>
    <ClInclude Include="Button.h">
      <Filter>Engine Files\Graphics\Blox2D</Filter>
    </ClInclude>
    <ClInclude Include="TextBox.h">
      <Filter>Engine Files\Graphics\Blox2D</Filter>
    </ClInclude>
    <ClInclude Include="LightBehaviour.h">
      <Filter>Engine Files\Graphics\Light\behaviours</Filter>
    </ClInclude>
    <ClInclude Include="LightBehaviourNormal.h">
      <Filter>Engine Files\Graphics\Light\behaviours</Filter>
    </ClInclude>
    <ClInclude Include="LightBehaviourBroken.h">
      <Filter>Engine Files\Graphics\Light\behaviours</Filter>
    </ClInclude>
    <ClInclude Include="LightBehaviourRotator.h">
      <Filter>Engine Files\Graphics\Light\behaviours</Filter>
    </ClInclude>
    <ClInclude Include="SpotLight.h">
      <Filter>Engine Files\Graphics\Light\types</Filter>
    </ClInclude>
    <ClInclude Include="PointLight.h">
      <Filter>Engine Files\Graphics\Light\types</Filter>
    </ClInclude>
    <ClInclude Include="LightDesc.h">
      <Filter>Engine Files\Graphics\Light\types\desc</Filter>
    </ClInclude>
    <ClInclude Include="Light.h">
      <Filter>Engine Files\Graphics\Light\types\base</Filter>
    </ClInclude>
    <ClInclude Include="PreShadowEffect.h">
      <Filter>Engine Files\Graphics\Effect\pre</Filter>
    </ClInclude>
    <ClInclude Include="PosColEffect.h">
      <Filter>Engine Files\Graphics\Effect</Filter>
    </ClInclude>
    <ClInclude Include="EditorGUI.h">
      <Filter>Engine Files\Graphics\GUI\Editor</Filter>
    </ClInclude>
    <ClInclude Include="LoadModelFromFile.h">
      <Filter>Engine Files\Graphics\GUI\Loaders</Filter>
    </ClInclude>
    <ClInclude Include="VisualLightDebugger.h">
      <Filter>Engine Files\Graphics\GUI\Lights</Filter>
    </ClInclude>
    <ClInclude Include="ColorPicker.h">
      <Filter>Engine Files\Graphics\GUI\Lights</Filter>
    </ClInclude>
    <ClInclude Include="BaseGrid.h">
      <Filter>Engine Files\Graphics\GUI\Editor</Filter>
    </ClInclude>
    <ClInclude Include="Image.h">
      <Filter>Engine Files\Graphics\Blox2D</Filter>
    </ClInclude>
    <ClInclude Include="Sprite.h">
      <Filter>Engine Files\Graphics\Blox2D</Filter>
    </ClInclude>
    <ClInclude Include="TextFormat.h">
      <Filter>Engine Files\Graphics\Blox2D</Filter>
    </ClInclude>
    <ClInclude Include="ImageLoader.h">
      <Filter>Engine Files\ContentManager</Filter>
    </ClInclude>
    <ClInclude Include="TextFormatLoader.h">
      <Filter>Engine Files\ContentManager</Filter>
    </ClInclude>
    <ClInclude Include="SplineLoader.h">
      <Filter>Engine Files\ContentManager</Filter>
    </ClInclude>
    <ClInclude Include="IDrawable.h">
      <Filter>Game Files\interfaces</Filter>
    </ClInclude>
    <ClInclude Include="IUpdatable.h">
      <Filter>Game Files\interfaces</Filter>
    </ClInclude>
    <ClInclude Include="ILevelObject.h">
      <Filter>Game Files\interfaces</Filter>
    </ClInclude>
    <ClInclude Include="ITransformable.h">
      <Filter>Game Files\interfaces</Filter>
    </ClInclude>
    <ClInclude Include="FixedJoint.h">
      <Filter>Engine Files\PhysX\Joints</Filter>
    </ClInclude>
    <ClInclude Include="RevoluteJoint.h">
      <Filter>Engine Files\PhysX\Joints</Filter>
    </ClInclude>
    <ClInclude Include="ObjectSelecter.h">
      <Filter>Engine Files\Graphics\GUI\Editor</Filter>
    </ClInclude>
    <ClInclude Include="IEditorObject.h">
      <Filter>Game Files\interfaces</Filter>
    </ClInclude>
    <ClInclude Include="Axis.h">
      <Filter>Engine Files\Graphics\GUI\Editor</Filter>
    </ClInclude>
    <ClInclude Include="Serializer.h">
      <Filter>Engine Files\Serialize</Filter>
    </ClInclude>
    <ClInclude Include="FileNotFoundException.h">
      <Filter>Engine Files\Exceptions\IO</Filter>
    </ClInclude>
    <ClInclude Include="Exception.h">
      <Filter>Engine Files\Exceptions</Filter>
    </ClInclude>
    <ClInclude Include="ISerializable.h">
      <Filter>Engine Files\Serialize</Filter>
    </ClInclude>
    <ClInclude Include="SerializeTypes.h">
      <Filter>Engine Files\Serialize</Filter>
    </ClInclude>
    <ClInclude Include="Terrain.h">
      <Filter>Engine Files\Terrain</Filter>
    </ClInclude>
    <ClInclude Include="Particle.h">
      <Filter>Engine Files\PhysX\Fluids</Filter>
    </ClInclude>
    <ClInclude Include="ParticleFactory.h">
      <Filter>Engine Files\PhysX\Fluids</Filter>
    </ClInclude>
    <ClInclude Include="Fluid.h">
      <Filter>Engine Files\PhysX\Fluids</Filter>
    </ClInclude>
    <ClInclude Include="Blox2DEngine.h">
      <Filter>Engine Files\Graphics\Blox2D</Filter>
    </ClInclude>
    <ClInclude Include="Blox2D.h">
      <Filter>Engine Files\Graphics\Blox2D</Filter>
    </ClInclude>
    <ClInclude Include="SimpleObject.h">
      <Filter>Game Files\LevelObjects</Filter>
    </ClInclude>
    <ClInclude Include="LoadLevelFromFile.h">
      <Filter>Engine Files\Graphics\GUI\Loaders</Filter>
    </ClInclude>
    <ClInclude Include="SoftbodyCharacter.h">
      <Filter>Game Files\LevelObjects\Character</Filter>
    </ClInclude>
    <ClInclude Include="ScaleGizmo.h">
      <Filter>Engine Files\Graphics\GUI\Editor\Gizmos</Filter>
    </ClInclude>
    <ClInclude Include="RotateGizmo.h">
      <Filter>Engine Files\Graphics\GUI\Editor\Gizmos</Filter>
    </ClInclude>
    <ClInclude Include="MoveGizmo.h">
      <Filter>Engine Files\Graphics\GUI\Editor\Gizmos</Filter>
    </ClInclude>
    <ClInclude Include="SoftbodyMesh.h">
      <Filter>Engine Files\Graphics\Model</Filter>
    </ClInclude>
    <ClInclude Include="FluidRenderer.h">
      <Filter>Engine Files\Graphics</Filter>
    </ClInclude>
    <ClInclude Include="FluidPostEffect.h">
      <Filter>Engine Files\Graphics\Effect\post</Filter>
    </ClInclude>
    <ClInclude Include="FlyCamera.h">
      <Filter>Engine Files\Graphics\Camera</Filter>
    </ClInclude>
    <ClInclude Include="FollowCamera.h">
      <Filter>Engine Files\Graphics\Camera</Filter>
    </ClInclude>
    <ClInclude Include="CameraBase.h">
      <Filter>Engine Files\Graphics\Camera</Filter>
    </ClInclude>
    <ClInclude Include="DeferredPreEffectNormalsInstanced.h">
      <Filter>Engine Files\Graphics\Effect\deferred</Filter>
    </ClInclude>
    <ClInclude Include="InstancedModelManager.h">
      <Filter>Engine Files\Instancing</Filter>
    </ClInclude>
    <ClInclude Include="IInstancible.h">
      <Filter>Game Files\interfaces</Filter>
    </ClInclude>
    <ClInclude Include="InstancingManager.h">
      <Filter>Engine Files\Instancing</Filter>
    </ClInclude>
    <ClInclude Include="IniReader.h">
      <Filter>Engine Files\IO</Filter>
    </ClInclude>
    <ClInclude Include="IniWriter.h">
      <Filter>Engine Files\IO</Filter>
    </ClInclude>
    <ClInclude Include="Snapper.h">
      <Filter>Engine Files\Graphics\GUI\Editor\Gizmos</Filter>
    </ClInclude>
    <ClInclude Include="PhysXCharacter.h">
      <Filter>Engine Files\PhysX\Character</Filter>
    </ClInclude>
    <ClInclude Include="FluidsCharacter.h">
      <Filter>Game Files\LevelObjects\Character</Filter>
    </ClInclude>
    <ClInclude Include="PreShadowEffectInstanced.h">
      <Filter>Engine Files\Graphics\Effect\pre</Filter>
    </ClInclude>
    <ClInclude Include="FluidEffect.h">
      <Filter>Engine Files\Graphics\Effect\pre</Filter>
    </ClInclude>
    <ClInclude Include="LevelObjectInfo.h">
      <Filter>Engine Files\Graphics\GUI\LevelObjects</Filter>
    </ClInclude>
  </ItemGroup>
  <ItemGroup>
    <ClCompile Include="Texture2D.cpp">
      <Filter>Engine Files\Graphics</Filter>
    </ClCompile>
    <ClCompile Include="ContentManager.cpp">
      <Filter>Engine Files\ContentManager</Filter>
    </ClCompile>
    <ClCompile Include="TextureLoader.cpp">
      <Filter>Engine Files\ContentManager</Filter>
    </ClCompile>
    <ClCompile Include="EffectLoader.cpp">
      <Filter>Engine Files\ContentManager</Filter>
    </ClCompile>
    <ClCompile Include="Vector2.cpp">
      <Filter>Engine Files\Math</Filter>
    </ClCompile>
    <ClCompile Include="Vector3.cpp">
      <Filter>Engine Files\Math</Filter>
    </ClCompile>
    <ClCompile Include="Matrix.cpp">
      <Filter>Engine Files\Math</Filter>
    </ClCompile>
    <ClCompile Include="AssetContainer.cpp">
      <Filter>Engine Files\ContentManager</Filter>
    </ClCompile>
    <ClCompile Include="Effect.cpp">
      <Filter>Engine Files\Graphics\Effect</Filter>
    </ClCompile>
    <ClCompile Include="Vector4.cpp">
      <Filter>Engine Files\Math</Filter>
    </ClCompile>
    <ClCompile Include="ModelLoader.cpp">
      <Filter>Engine Files\ContentManager</Filter>
    </ClCompile>
    <ClCompile Include="Model.cpp">
      <Filter>Engine Files\Graphics\Model</Filter>
    </ClCompile>
    <ClCompile Include="ModelMesh.cpp">
      <Filter>Engine Files\Graphics\Model</Filter>
    </ClCompile>
    <ClCompile Include="LightController.cpp">
      <Filter>Engine Files\Graphics\Light</Filter>
    </ClCompile>
    <ClCompile Include="DeferredRenderer.cpp">
      <Filter>Engine Files\Graphics</Filter>
    </ClCompile>
    <ClCompile Include="Controls.cpp">
      <Filter>Engine Files\IO</Filter>
    </ClCompile>
    <ClCompile Include="stdafx.cpp">
      <Filter>Engine Files\Core</Filter>
    </ClCompile>
    <ClCompile Include="Engine.cpp">
      <Filter>Engine Files\Core</Filter>
    </ClCompile>
    <ClCompile Include="GameTimer.cpp">
      <Filter>Engine Files\Core</Filter>
    </ClCompile>
    <ClCompile Include="GameWinMain.cpp">
      <Filter>Engine Files\Core</Filter>
    </ClCompile>
    <ClCompile Include="MainGame.cpp">
      <Filter>Game Files</Filter>
    </ClCompile>
    <ClCompile Include="GameConfig.cpp">
      <Filter>Engine Files\Core</Filter>
    </ClCompile>
    <ClCompile Include="vertex.cpp">
      <Filter>Engine Files\Graphics</Filter>
    </ClCompile>
    <ClCompile Include="Level.cpp">
      <Filter>Game Files</Filter>
    </ClCompile>
    <ClCompile Include="AudioEngine.cpp">
      <Filter>Engine Files\Audio</Filter>
    </ClCompile>
    <ClCompile Include="Sound.cpp">
      <Filter>Engine Files\Audio</Filter>
    </ClCompile>
    <ClCompile Include="ForwardRenderer.cpp">
      <Filter>Engine Files\Graphics</Filter>
    </ClCompile>
    <ClCompile Include="PhongEffect.cpp">
      <Filter>Engine Files\Graphics\Effect</Filter>
    </ClCompile>
    <ClCompile Include="Color.cpp">
      <Filter>Engine Files\Math</Filter>
    </ClCompile>
    <ClCompile Include="Actor.cpp">
      <Filter>Engine Files\PhysX</Filter>
    </ClCompile>
    <ClCompile Include="PhysX.cpp">
      <Filter>Engine Files\PhysX</Filter>
    </ClCompile>
    <ClCompile Include="PhysXShape.cpp">
      <Filter>Engine Files\PhysX\Shapes\base</Filter>
    </ClCompile>
    <ClCompile Include="PhysXSphere.cpp">
      <Filter>Engine Files\PhysX\Shapes</Filter>
    </ClCompile>
    <ClCompile Include="PhysXBox.cpp">
      <Filter>Engine Files\PhysX\Shapes</Filter>
    </ClCompile>
    <ClCompile Include="PhysXMesh.cpp">
      <Filter>Engine Files\PhysX\Shapes</Filter>
    </ClCompile>
    <ClCompile Include="DeferredPostEffect.cpp">
      <Filter>Engine Files\Graphics\Effect\deferred</Filter>
    </ClCompile>
    <ClCompile Include="DeferredPreEffect.cpp">
      <Filter>Engine Files\Graphics\Effect\deferred</Filter>
    </ClCompile>
    <ClCompile Include="EdgeDetectionPostEffect.cpp">
      <Filter>Engine Files\Graphics\Effect\post</Filter>
    </ClCompile>
    <ClCompile Include="PostProcessor.cpp">
      <Filter>Engine Files\Graphics</Filter>
    </ClCompile>
    <ClCompile Include="PostProcessEffect.cpp">
      <Filter>Engine Files\Graphics\Effect\post</Filter>
    </ClCompile>
    <ClCompile Include="CookingStream.cpp">
      <Filter>Engine Files\IO</Filter>
    </ClCompile>
    <ClCompile Include="RenderContext.cpp">
      <Filter>Engine Files\Graphics\RenderContext</Filter>
    </ClCompile>
    <ClCompile Include="Softbody.cpp">
      <Filter>Engine Files\PhysX</Filter>
    </ClCompile>
    <ClCompile Include="TestSoftbody.cpp">
      <Filter>Game Files\Tests</Filter>
    </ClCompile>
    <ClCompile Include="MathHelper.cpp">
      <Filter>Engine Files\Math</Filter>
    </ClCompile>
    <ClCompile Include="DeferredPreEffectNormals.cpp">
      <Filter>Engine Files\Graphics\Effect\deferred</Filter>
    </ClCompile>
    <ClCompile Include="HitRegion.cpp">
      <Filter>Engine Files\Graphics\Blox2D</Filter>
    </ClCompile>
    <ClCompile Include="Button.cpp">
      <Filter>Engine Files\Graphics\Blox2D</Filter>
    </ClCompile>
    <ClCompile Include="TextBox.cpp">
      <Filter>Engine Files\Graphics\Blox2D</Filter>
    </ClCompile>
    <ClCompile Include="LightBehaviour.cpp">
      <Filter>Engine Files\Graphics\Light\behaviours</Filter>
    </ClCompile>
    <ClCompile Include="LightBehaviourNormal.cpp">
      <Filter>Engine Files\Graphics\Light\behaviours</Filter>
    </ClCompile>
    <ClCompile Include="LightBehaviourBroken.cpp">
      <Filter>Engine Files\Graphics\Light\behaviours</Filter>
    </ClCompile>
    <ClCompile Include="LightBehaviourRotator.cpp">
      <Filter>Engine Files\Graphics\Light\behaviours</Filter>
    </ClCompile>
    <ClCompile Include="PointLight.cpp">
      <Filter>Engine Files\Graphics\Light\types</Filter>
    </ClCompile>
    <ClCompile Include="SpotLight.cpp">
      <Filter>Engine Files\Graphics\Light\types</Filter>
    </ClCompile>
    <ClCompile Include="LightDesc.cpp">
      <Filter>Engine Files\Graphics\Light\types\desc</Filter>
    </ClCompile>
    <ClCompile Include="Light.cpp">
      <Filter>Engine Files\Graphics\Light\types\base</Filter>
    </ClCompile>
    <ClCompile Include="PreShadowEffect.cpp">
      <Filter>Engine Files\Graphics\Effect\pre</Filter>
    </ClCompile>
    <ClCompile Include="PosColEffect.cpp">
      <Filter>Engine Files\Graphics\Effect</Filter>
    </ClCompile>
    <ClCompile Include="EditorGUI.cpp">
      <Filter>Engine Files\Graphics\GUI\Editor</Filter>
    </ClCompile>
    <ClCompile Include="LoadModelFromFile.cpp">
      <Filter>Engine Files\Graphics\GUI\Loaders</Filter>
    </ClCompile>
    <ClCompile Include="BaseGrid.cpp">
      <Filter>Engine Files\Graphics\GUI\Editor</Filter>
    </ClCompile>
    <ClCompile Include="ColorPicker.cpp">
      <Filter>Engine Files\Graphics\GUI\Lights</Filter>
    </ClCompile>
    <ClCompile Include="VisualLightDebugger.cpp">
      <Filter>Engine Files\Graphics\GUI\Lights</Filter>
    </ClCompile>
    <ClCompile Include="Image.cpp">
      <Filter>Engine Files\Graphics\Blox2D</Filter>
    </ClCompile>
    <ClCompile Include="Sprite.cpp">
      <Filter>Engine Files\Graphics\Blox2D</Filter>
    </ClCompile>
    <ClCompile Include="TextFormat.cpp">
      <Filter>Engine Files\Graphics\Blox2D</Filter>
    </ClCompile>
    <ClCompile Include="ImageLoader.cpp">
      <Filter>Engine Files\ContentManager</Filter>
    </ClCompile>
    <ClCompile Include="TextFormatLoader.cpp">
      <Filter>Engine Files\ContentManager</Filter>
    </ClCompile>
    <ClCompile Include="SplineLoader.cpp">
      <Filter>Engine Files\ContentManager</Filter>
    </ClCompile>
    <ClCompile Include="IJoint.h">
      <Filter>Engine Files\PhysX\Joints</Filter>
    </ClCompile>
    <ClCompile Include="FixedJoint.cpp">
      <Filter>Engine Files\PhysX\Joints</Filter>
    </ClCompile>
    <ClCompile Include="RevoluteJoint.cpp">
      <Filter>Engine Files\PhysX\Joints</Filter>
    </ClCompile>
    <ClCompile Include="ObjectSelecter.cpp">
      <Filter>Engine Files\Graphics\GUI\Editor</Filter>
    </ClCompile>
    <ClCompile Include="Serializer.cpp">
      <Filter>Engine Files\Serialize</Filter>
    </ClCompile>
    <ClCompile Include="FileNotFoundException.cpp">
      <Filter>Engine Files\Exceptions\IO</Filter>
    </ClCompile>
    <ClCompile Include="Terrain.cpp">
      <Filter>Engine Files\Terrain</Filter>
    </ClCompile>
    <ClCompile Include="ParticleFactory.cpp">
      <Filter>Engine Files\PhysX\Fluids</Filter>
    </ClCompile>
    <ClCompile Include="Fluid.cpp">
      <Filter>Engine Files\PhysX\Fluids</Filter>
    </ClCompile>
    <ClCompile Include="Blox2DEngine.cpp">
      <Filter>Engine Files\Graphics\Blox2D</Filter>
    </ClCompile>
    <ClCompile Include="SimpleObject.cpp">
      <Filter>Game Files\LevelObjects</Filter>
    </ClCompile>
    <ClCompile Include="LoadLevelFromFile.cpp">
      <Filter>Engine Files\Graphics\GUI\Loaders</Filter>
    </ClCompile>
    <ClCompile Include="SoftbodyCharacter.cpp">
      <Filter>Game Files\LevelObjects\Character</Filter>
    </ClCompile>
    <ClCompile Include="RotateGizmo.cpp">
      <Filter>Engine Files\Graphics\GUI\Editor\Gizmos</Filter>
    </ClCompile>
    <ClCompile Include="ScaleGizmo.cpp">
      <Filter>Engine Files\Graphics\GUI\Editor\Gizmos</Filter>
    </ClCompile>
    <ClCompile Include="MoveGizmo.cpp">
      <Filter>Engine Files\Graphics\GUI\Editor\Gizmos</Filter>
    </ClCompile>
    <ClCompile Include="SoftbodyMesh.cpp">
      <Filter>Engine Files\Graphics\Model</Filter>
    </ClCompile>
    <ClCompile Include="FluidRenderer.cpp">
      <Filter>Engine Files\Graphics</Filter>
    </ClCompile>
    <ClCompile Include="FluidPostEffect.cpp">
      <Filter>Engine Files\Graphics\Effect\post</Filter>
    </ClCompile>
    <ClCompile Include="FlyCamera.cpp">
      <Filter>Engine Files\Graphics\Camera</Filter>
    </ClCompile>
    <ClCompile Include="FollowCamera.cpp">
      <Filter>Engine Files\Graphics\Camera</Filter>
    </ClCompile>
    <ClCompile Include="CameraBase.cpp">
      <Filter>Engine Files\Graphics\Camera</Filter>
    </ClCompile>
    <ClCompile Include="DeferredPreEffectNormalsInstanced.cpp">
      <Filter>Engine Files\Graphics\Effect\deferred</Filter>
    </ClCompile>
    <ClCompile Include="InstancedModelManager.cpp">
      <Filter>Engine Files\Instancing</Filter>
    </ClCompile>
    <ClCompile Include="InstancingManager.cpp">
      <Filter>Engine Files\Instancing</Filter>
    </ClCompile>
    <ClCompile Include="IniReader.cpp">
      <Filter>Engine Files\IO</Filter>
    </ClCompile>
    <ClCompile Include="IniWriter.cpp">
      <Filter>Engine Files\IO</Filter>
    </ClCompile>
    <ClCompile Include="PhysXCharacter.cpp">
      <Filter>Engine Files\PhysX\Character</Filter>
    </ClCompile>
    <ClCompile Include="FluidsCharacter.cpp">
      <Filter>Game Files\LevelObjects\Character</Filter>
    </ClCompile>
    <ClCompile Include="Snapper.cpp">
      <Filter>Engine Files\Graphics\GUI\Editor\Gizmos</Filter>
    </ClCompile>
    <ClCompile Include="PreShadowEffectInstanced.cpp">
      <Filter>Engine Files\Graphics\Effect\pre</Filter>
    </ClCompile>
    <ClCompile Include="FluidEffect.cpp">
      <Filter>Engine Files\Graphics\Effect\pre</Filter>
    </ClCompile>
    <ClCompile Include="LevelObjectInfo.cpp">
      <Filter>Engine Files\Graphics\GUI\LevelObjects</Filter>
    </ClCompile>
  </ItemGroup>
  <ItemGroup>
    <None Include="Content\Effects\lights.fx">
      <Filter>Content\effect</Filter>
    </None>
    <None Include="Content\Effects\phong.fx">
      <Filter>Content\effect</Filter>
    </None>
    <None Include="Content\Effects\poscol.fx">
      <Filter>Content\effect</Filter>
    </None>
    <None Include="Content\Effects\postdeferred.fx">
      <Filter>Content\effect</Filter>
    </None>
    <None Include="Content\Effects\postEdgeDetection.fx">
      <Filter>Content\effect</Filter>
    </None>
    <None Include="Content\Effects\predeferred.fx">
      <Filter>Content\effect</Filter>
    </None>
    <None Include="Content\Effects\predeferredNormal.fx">
      <Filter>Content\effect</Filter>
    </None>
    <None Include="Content\Effects\preShadowmapShader.fx">
      <Filter>Content\effect</Filter>
    </None>
    <None Include="Content\Effects\blur.fx">
      <Filter>Content\effect</Filter>
    </None>
    <None Include="Content\Effects\predeferredNormalInstanced.fx">
      <Filter>Content\effect</Filter>
    </None>
    <None Include="Content\Effects\normal.fx">
      <Filter>Content\effect</Filter>
    </None>
    <None Include="Content\Effects\preShadowmapInstancedShader.fx">
      <Filter>Content\effect</Filter>
    </None>
    <None Include="Content\Effects\fluidPostEffect.fx">
      <Filter>Content\effect\fluids</Filter>
    </None>
    <None Include="Content\Effects\fluidPreEffect.fx">
      <Filter>Content\effect\fluids</Filter>
    </None>
  </ItemGroup>
</Project>