<?xml version="1.0" encoding="utf-8"?>
<Project ToolsVersion="4.0" xmlns="http://schemas.microsoft.com/developer/msbuild/2003">
  <ItemGroup>
    <Filter Include="Resource Files">
      <UniqueIdentifier>{67DA6AB6-F800-4c08-8B7A-83BB121AAD01}</UniqueIdentifier>
      <Extensions>rc;ico;cur;bmp;dlg;rc2;rct;bin;rgs;gif;jpg;jpeg;jpe;resx;tiff;tif;png;wav;mfcribbon-ms</Extensions>
    </Filter>
    <Filter Include="Engine Files">
      <UniqueIdentifier>{4FC737F1-C7A5-4376-A066-2A32D752A2FF}</UniqueIdentifier>
      <Extensions>cpp;c;cc;cxx;def;odl;idl;hpj;bat;asm;asmx</Extensions>
    </Filter>
    <Filter Include="Engine Files\Graphics">
      <UniqueIdentifier>{ec9ba507-075a-447a-ab6c-c1333a108d1c}</UniqueIdentifier>
    </Filter>
    <Filter Include="Engine Files\Math">
      <UniqueIdentifier>{557d443e-2462-488d-b15b-05b43819c044}</UniqueIdentifier>
    </Filter>
    <Filter Include="Engine Files\Graphics\Effect">
      <UniqueIdentifier>{29bcf718-8788-465d-9651-16d99dd92347}</UniqueIdentifier>
    </Filter>
    <Filter Include="Engine Files\Graphics\Model">
      <UniqueIdentifier>{c68b0156-cb7d-45f7-968a-24b9995936f4}</UniqueIdentifier>
    </Filter>
    <Filter Include="Engine Files\ContentManager">
      <UniqueIdentifier>{3eb70322-e931-422f-8c32-47c3cf63eb16}</UniqueIdentifier>
    </Filter>
    <Filter Include="Engine Files\Graphics\Light">
      <UniqueIdentifier>{7e7f15c7-c33d-479b-8a00-9efef0989047}</UniqueIdentifier>
    </Filter>
    <Filter Include="Engine Files\Input">
      <UniqueIdentifier>{53a2e7da-3ad6-40c1-a8b1-d2b2ba52ed6b}</UniqueIdentifier>
    </Filter>
    <Filter Include="Engine Files\Core">
      <UniqueIdentifier>{45d872af-e322-43d7-988e-aacd4f905e0e}</UniqueIdentifier>
    </Filter>
    <Filter Include="Game Files">
      <UniqueIdentifier>{93995380-89BD-4b04-88EB-625FBE52EBFB}</UniqueIdentifier>
      <Extensions>h;hpp;hxx;hm;inl;inc;xsd</Extensions>
    </Filter>
  </ItemGroup>
  <ItemGroup>
    <ClInclude Include="Texture2D.h">
      <Filter>Engine Files\Graphics</Filter>
    </ClInclude>
    <ClInclude Include="ContentManager.h">
      <Filter>Engine Files\ContentManager</Filter>
    </ClInclude>
    <ClInclude Include="TextureLoader.h">
      <Filter>Engine Files\ContentManager</Filter>
    </ClInclude>
    <ClInclude Include="EffectLoader.h">
      <Filter>Engine Files\ContentManager</Filter>
    </ClInclude>
    <ClInclude Include="Vector3.h">
      <Filter>Engine Files\Math</Filter>
    </ClInclude>
    <ClInclude Include="Vector2.h">
      <Filter>Engine Files\Math</Filter>
    </ClInclude>
    <ClInclude Include="MathHelper.h">
      <Filter>Engine Files\Math</Filter>
    </ClInclude>
    <ClInclude Include="Matrix.h">
      <Filter>Engine Files\Math</Filter>
    </ClInclude>
    <ClInclude Include="AssetContainer.h">
      <Filter>Engine Files\ContentManager</Filter>
    </ClInclude>
    <ClInclude Include="Effect.h">
      <Filter>Engine Files\Graphics\Effect</Filter>
    </ClInclude>
    <ClInclude Include="Vector4.h">
      <Filter>Engine Files\Math</Filter>
    </ClInclude>
    <ClInclude Include="vertex.h">
      <Filter>Engine Files\Graphics</Filter>
    </ClInclude>
    <ClInclude Include="ModelLoader.h">
      <Filter>Engine Files\ContentManager</Filter>
    </ClInclude>
    <ClInclude Include="Model.h">
      <Filter>Engine Files\Graphics\Model</Filter>
    </ClInclude>
    <ClInclude Include="ModelMesh.h">
      <Filter>Engine Files\Graphics\Model</Filter>
    </ClInclude>
    <ClInclude Include="LightController.h">
      <Filter>Engine Files\Graphics\Light</Filter>
    </ClInclude>
    <ClInclude Include="Light.h">
      <Filter>Engine Files\Graphics\Light</Filter>
    </ClInclude>
    <ClInclude Include="DeferredRenderer.h">
      <Filter>Engine Files\Graphics</Filter>
    </ClInclude>
    <ClInclude Include="Controls.h">
      <Filter>Engine Files\Input</Filter>
    </ClInclude>
    <ClInclude Include="KeyboardState.h">
      <Filter>Engine Files\Input</Filter>
    </ClInclude>
    <ClInclude Include="MouseState.h">
      <Filter>Engine Files\Input</Filter>
    </ClInclude>
    <ClInclude Include="stdafx.h">
      <Filter>Engine Files\Core</Filter>
    </ClInclude>
    <ClInclude Include="D3DUtil.h">
      <Filter>Engine Files\Core</Filter>
    </ClInclude>
    <ClInclude Include="Engine.h">
      <Filter>Engine Files\Core</Filter>
    </ClInclude>
    <ClInclude Include="GameTimer.h">
      <Filter>Engine Files\Core</Filter>
    </ClInclude>
    <ClInclude Include="GameWinMain.h">
      <Filter>Engine Files\Core</Filter>
    </ClInclude>
    <ClInclude Include="MainGame.h">
      <Filter>Game Files</Filter>
    </ClInclude>
    <ClInclude Include="GameConfig.h">
      <Filter>Engine Files\Core</Filter>
    </ClInclude>
    <ClInclude Include="Blox2D.h">
      <Filter>Engine Files\Graphics</Filter>
    </ClInclude>
  </ItemGroup>
  <ItemGroup>
    <ClCompile Include="Texture2D.cpp">
      <Filter>Engine Files\Graphics</Filter>
    </ClCompile>
    <ClCompile Include="ContentManager.cpp">
      <Filter>Engine Files\ContentManager</Filter>
    </ClCompile>
    <ClCompile Include="TextureLoader.cpp">
      <Filter>Engine Files\ContentManager</Filter>
    </ClCompile>
    <ClCompile Include="EffectLoader.cpp">
      <Filter>Engine Files\ContentManager</Filter>
    </ClCompile>
    <ClCompile Include="Vector2.cpp">
      <Filter>Engine Files\Math</Filter>
    </ClCompile>
    <ClCompile Include="Vector3.cpp">
      <Filter>Engine Files\Math</Filter>
    </ClCompile>
    <ClCompile Include="Matrix.cpp">
      <Filter>Engine Files\Math</Filter>
    </ClCompile>
    <ClCompile Include="AssetContainer.cpp">
      <Filter>Engine Files\ContentManager</Filter>
    </ClCompile>
    <ClCompile Include="Effect.cpp">
      <Filter>Engine Files\Graphics\Effect</Filter>
    </ClCompile>
    <ClCompile Include="Vector4.cpp">
      <Filter>Engine Files\Math</Filter>
    </ClCompile>
    <ClCompile Include="ModelLoader.cpp">
      <Filter>Engine Files\ContentManager</Filter>
    </ClCompile>
    <ClCompile Include="Model.cpp">
      <Filter>Engine Files\Graphics\Model</Filter>
    </ClCompile>
    <ClCompile Include="ModelMesh.cpp">
      <Filter>Engine Files\Graphics\Model</Filter>
    </ClCompile>
    <ClCompile Include="Light.cpp">
      <Filter>Engine Files\Graphics\Light</Filter>
    </ClCompile>
    <ClCompile Include="LightController.cpp">
      <Filter>Engine Files\Graphics\Light</Filter>
    </ClCompile>
    <ClCompile Include="DeferredRenderer.cpp">
      <Filter>Engine Files\Graphics</Filter>
    </ClCompile>
    <ClCompile Include="Controls.cpp">
      <Filter>Engine Files\Input</Filter>
    </ClCompile>
    <ClCompile Include="MouseState.cpp">
      <Filter>Engine Files\Input</Filter>
    </ClCompile>
    <ClCompile Include="KeyboardState.cpp">
      <Filter>Engine Files\Input</Filter>
    </ClCompile>
    <ClCompile Include="stdafx.cpp">
      <Filter>Engine Files\Core</Filter>
    </ClCompile>
    <ClCompile Include="Engine.cpp">
      <Filter>Engine Files\Core</Filter>
    </ClCompile>
    <ClCompile Include="GameTimer.cpp">
      <Filter>Engine Files\Core</Filter>
    </ClCompile>
    <ClCompile Include="GameWinMain.cpp">
      <Filter>Engine Files\Core</Filter>
    </ClCompile>
    <ClCompile Include="MainGame.cpp">
      <Filter>Game Files</Filter>
    </ClCompile>
    <ClCompile Include="GameConfig.cpp">
      <Filter>Engine Files\Core</Filter>
    </ClCompile>
    <ClCompile Include="Blox2D.cpp">
      <Filter>Engine Files\Graphics</Filter>
    </ClCompile>
  </ItemGroup>
</Project>